github.com/gen2brain/raylib-go/raylib v0.0.0-20230213081331-0c9d5a435c64 h1:PjrFMvCey+vzm3AXhtgS2Ze2+ctBu3rD4TMXyuIDzHE=
github.com/gen2brain/raylib-go/raylib v0.0.0-20230213081331-0c9d5a435c64/go.mod h1:+NbsqGlEQqGqrsgJFF5Yj2dkvn0ML2SQb8RqM2hJsPU=
github.com/ojrac/opensimplex-go v1.0.2 h1:l4vs0D+JCakcu5OV0kJ99oEaWJfggSc9jiLpxaWvSzs=
github.com/ojrac/opensimplex-go v1.0.2/go.mod h1:NwbXFFbXcdGgIFdiA7/REME+7n/lOf1TuEbLiZYOWnM=
